
Microsoft Visual Studio Solution File, Format Version 12.00
# Visual Studio Version 17
VisualStudioVersion = 17.11.35103.136
MinimumVisualStudioVersion = 10.0.40219.1
Project("{9A19103F-16F7-4668-BE54-9A1E7A4F7556}") = "Heap", "Heap.csproj", "{7C6963F3-409A-4BAA-8A77-4DBE1D5C18E0}"
EndProject
Global
	GlobalSection(SolutionConfigurationPlatforms) = preSolution
		Debug|Any CPU = Debug|Any CPU
		Release|Any CPU = Release|Any CPU
	EndGlobalSection
	GlobalSection(ProjectConfigurationPlatforms) = postSolution
		{7C6963F3-409A-4BAA-8A77-4DBE1D5C18E0}.Debug|Any CPU.ActiveCfg = Debug|Any CPU
		{7C6963F3-409A-4BAA-8A77-4DBE1D5C18E0}.Debug|Any CPU.Build.0 = Debug|Any CPU
		{7C6963F3-409A-4BAA-8A77-4DBE1D5C18E0}.Release|Any CPU.ActiveCfg = Release|Any CPU
		{7C6963F3-409A-4BAA-8A77-4DBE1D5C18E0}.Release|Any CPU.Build.0 = Release|Any CPU
	EndGlobalSection
	GlobalSection(SolutionProperties) = preSolution
		HideSolutionNode = FALSE
	EndGlobalSection
	GlobalSection(ExtensibilityGlobals) = postSolution
		SolutionGuid = {1B5E8993-148F-43D8-92B3-B9DE1D828408}
	EndGlobalSection
EndGlobal
